
Microsoft Visual Studio Solution File, Format Version 12.00
# Visual Studio Version 17
VisualStudioVersion = 17.9.34728.123
MinimumVisualStudioVersion = 10.0.40219.1
Project("{FAE04EC0-301F-11D3-BF4B-00C04F79EFBC}") = "BulkyWeb", "BulkyWeb\BulkyWeb.csproj", "{D34335D8-C30D-4ACC-83D0-660AD418224F}"
EndProject
Global
	GlobalSection(SolutionConfigurationPlatforms) = preSolution
		Debug|Any CPU = Debug|Any CPU
		Release|Any CPU = Release|Any CPU
	EndGlobalSection
	GlobalSection(ProjectConfigurationPlatforms) = postSolution
		{D34335D8-C30D-4ACC-83D0-660AD418224F}.Debug|Any CPU.ActiveCfg = Debug|Any CPU
		{D34335D8-C30D-4ACC-83D0-660AD418224F}.Debug|Any CPU.Build.0 = Debug|Any CPU
		{D34335D8-C30D-4ACC-83D0-660AD418224F}.Release|Any CPU.ActiveCfg = Release|Any CPU
		{D34335D8-C30D-4ACC-83D0-660AD418224F}.Release|Any CPU.Build.0 = Release|Any CPU
	EndGlobalSection
	GlobalSection(SolutionProperties) = preSolution
		HideSolutionNode = FALSE
	EndGlobalSection
	GlobalSection(ExtensibilityGlobals) = postSolution
		SolutionGuid = {507FA2A8-70D9-43EC-B813-DDD1E8C4674F}
	EndGlobalSection
EndGlobal
